Microsoft Visual Studio Solution File, Format Version 12.00
# Visual Studio 2012
Project("{FAE04EC0-301F-11D3-BF4B-00C04F79EFBC}") = "DoubleCorvid.DungeonCrawlExtraction", "DoubleCorvid.DungeonCrawlExtraction.csproj", "{2D52E00E-3A0F-45B3-A035-6C6A9DE179FF}"
EndProject
Global
	GlobalSection(SolutionConfigurationPlatforms) = preSolution
	Debug|Any CPU = Debug|Any CPU
	ExportDebug|Any CPU = ExportDebug|Any CPU
	ExportRelease|Any CPU = ExportRelease|Any CPU
	EndGlobalSection
	GlobalSection(ProjectConfigurationPlatforms) = postSolution
		{2D52E00E-3A0F-45B3-A035-6C6A9DE179FF}.Debug|Any CPU.ActiveCfg = Debug|Any CPU
		{2D52E00E-3A0F-45B3-A035-6C6A9DE179FF}.Debug|Any CPU.Build.0 = Debug|Any CPU
		{2D52E00E-3A0F-45B3-A035-6C6A9DE179FF}.ExportDebug|Any CPU.ActiveCfg = ExportDebug|Any CPU
		{2D52E00E-3A0F-45B3-A035-6C6A9DE179FF}.ExportDebug|Any CPU.Build.0 = ExportDebug|Any CPU
		{2D52E00E-3A0F-45B3-A035-6C6A9DE179FF}.ExportRelease|Any CPU.ActiveCfg = ExportRelease|Any CPU
		{2D52E00E-3A0F-45B3-A035-6C6A9DE179FF}.ExportRelease|Any CPU.Build.0 = ExportRelease|Any CPU
	EndGlobalSection
EndGlobal
